
Microsoft Visual Studio Solution File, Format Version 12.00
# Visual Studio 15
VisualStudioVersion = 15.0.27130.2036
MinimumVisualStudioVersion = 10.0.40219.1
Project("{FAE04EC0-301F-11D3-BF4B-00C04F79EFBC}") = "Dojo.sudoku", "Dojo.sudoku\Dojo.sudoku.csproj", "{682BC3CF-E513-4D60-8D10-BC9FC9ADDF02}"
EndProject
Project("{FAE04EC0-301F-11D3-BF4B-00C04F79EFBC}") = "Dojo.sudoku.test", "Dojo.sudoku.test\Dojo.sudoku.test.csproj", "{2233316F-DA5D-4685-81E1-BD835FE0F567}"
EndProject
Global
	GlobalSection(SolutionConfigurationPlatforms) = preSolution
		Debug|Any CPU = Debug|Any CPU
		Release|Any CPU = Release|Any CPU
	EndGlobalSection
	GlobalSection(ProjectConfigurationPlatforms) = postSolution
		{682BC3CF-E513-4D60-8D10-BC9FC9ADDF02}.Debug|Any CPU.ActiveCfg = Debug|Any CPU
		{682BC3CF-E513-4D60-8D10-BC9FC9ADDF02}.Debug|Any CPU.Build.0 = Debug|Any CPU
		{682BC3CF-E513-4D60-8D10-BC9FC9ADDF02}.Release|Any CPU.ActiveCfg = Release|Any CPU
		{682BC3CF-E513-4D60-8D10-BC9FC9ADDF02}.Release|Any CPU.Build.0 = Release|Any CPU
		{2233316F-DA5D-4685-81E1-BD835FE0F567}.Debug|Any CPU.ActiveCfg = Debug|Any CPU
		{2233316F-DA5D-4685-81E1-BD835FE0F567}.Debug|Any CPU.Build.0 = Debug|Any CPU
		{2233316F-DA5D-4685-81E1-BD835FE0F567}.Release|Any CPU.ActiveCfg = Release|Any CPU
		{2233316F-DA5D-4685-81E1-BD835FE0F567}.Release|Any CPU.Build.0 = Release|Any CPU
	EndGlobalSection
	GlobalSection(SolutionProperties) = preSolution
		HideSolutionNode = FALSE
	EndGlobalSection
	GlobalSection(ExtensibilityGlobals) = postSolution
		SolutionGuid = {50DDDDD6-75D7-42A1-BBCA-B403DCDBC064}
	EndGlobalSection
EndGlobal
